// !$*UTF8*$!
{
	archiveVersion = 1;
	classes = {
	};
	objectVersion = 56;
	objects = {

/* Begin PBXBuildFile section */
		D8C2FFB7299AA3CA000D78FC /* AppDelegate.swift in Sources */ = {isa = PBXBuildFile; fileRef = D8C2FFB6299AA3CA000D78FC /* AppDelegate.swift */; };
		D8C2FFB9299AA3CA000D78FC /* SceneDelegate.swift in Sources */ = {isa = PBXBuildFile; fileRef = D8C2FFB8299AA3CA000D78FC /* SceneDelegate.swift */; };
		D8C2FFBB299AA3CA000D78FC /* ViewController.swift in Sources */ = {isa = PBXBuildFile; fileRef = D8C2FFBA299AA3CA000D78FC /* ViewController.swift */; };
		D8C2FFBE299AA3CA000D78FC /* Main.storyboard in Resources */ = {isa = PBXBuildFile; fileRef = D8C2FFBC299AA3CA000D78FC /* Main.storyboard */; };
		D8C2FFC0299AA3CF000D78FC /* Assets.xcassets in Resources */ = {isa = PBXBuildFile; fileRef = D8C2FFBF299AA3CF000D78FC /* Assets.xcassets */; };
		D8C2FFC3299AA3CF000D78FC /* LaunchScreen.storyboard in Resources */ = {isa = PBXBuildFile; fileRef = D8C2FFC1299AA3CF000D78FC /* LaunchScreen.storyboard */; };
		D8C2FFCE299AA3D0000D78FC /* NewsTests.swift in Sources */ = {isa = PBXBuildFile; fileRef = D8C2FFCD299AA3D0000D78FC /* NewsTests.swift */; };
		D8C2FFD8299AA3D0000D78FC /* NewsUITests.swift in Sources */ = {isa = PBXBuildFile; fileRef = D8C2FFD7299AA3D0000D78FC /* NewsUITests.swift */; };
		D8C2FFDA299AA3D0000D78FC /* NewsUITestsLaunchTests.swift in Sources */ = {isa = PBXBuildFile; fileRef = D8C2FFD9299AA3D0000D78FC /* NewsUITestsLaunchTests.swift */; };
/* End PBXBuildFile section */

/* Begin PBXContainerItemProxy section */
		D8C2FFCA299AA3D0000D78FC /* PBXContainerItemProxy */ = {
			isa = PBXContainerItemProxy;
			containerPortal = D8C2FFAB299AA3CA000D78FC /* Project object */;
			proxyType = 1;
			remoteGlobalIDString = D8C2FFB2299AA3CA000D78FC;
			remoteInfo = News;
		};
		D8C2FFD4299AA3D0000D78FC /* PBXContainerItemProxy */ = {
			isa = PBXContainerItemProxy;
			containerPortal = D8C2FFAB299AA3CA000D78FC /* Project object */;
			proxyType = 1;
			remoteGlobalIDString = D8C2FFB2299AA3CA000D78FC;
			remoteInfo = News;
		};
/* End PBXContainerItemProxy section */

/* Begin PBXFileReference section */
		D8C2FFB3299AA3CA000D78FC /* News.app */ = {isa = PBXFileReference; explicitFileType = wrapper.application; includeInIndex = 0; path = News.app; sourceTree = BUILT_PRODUCTS_DIR; };
		D8C2FFB6299AA3CA000D78FC /* AppDelegate.swift */ = {isa = PBXFileReference; lastKnownFileType = sourcecode.swift; path = AppDelegate.swift; sourceTree = "<group>"; };
		D8C2FFB8299AA3CA000D78FC /* SceneDelegate.swift */ = {isa = PBXFileReference; lastKnownFileType = sourcecode.swift; path = SceneDelegate.swift; sourceTree = "<group>"; };
		D8C2FFBA299AA3CA000D78FC /* ViewController.swift */ = {isa = PBXFileReference; lastKnownFileType = sourcecode.swift; path = ViewController.swift; sourceTree = "<group>"; };
		D8C2FFBD299AA3CA000D78FC /* Base */ = {isa = PBXFileReference; lastKnownFileType = file.storyboard; name = Base; path = Base.lproj/Main.storyboard; sourceTree = "<group>"; };
		D8C2FFBF299AA3CF000D78FC /* Assets.xcassets */ = {isa = PBXFileReference; lastKnownFileType = folder.assetcatalog; path = Assets.xcassets; sourceTree = "<group>"; };
		D8C2FFC2299AA3CF000D78FC /* Base */ = {isa = PBXFileReference; lastKnownFileType = file.storyboard; name = Base; path = Base.lproj/LaunchScreen.storyboard; sourceTree = "<group>"; };
		D8C2FFC4299AA3CF000D78FC /* Info.plist */ = {isa = PBXFileReference; lastKnownFileType = text.plist.xml; path = Info.plist; sourceTree = "<group>"; };
		D8C2FFC9299AA3D0000D78FC /* NewsTests.xctest */ = {isa = PBXFileReference; explicitFileType = wrapper.cfbundle; includeInIndex = 0; path = NewsTests.xctest; sourceTree = BUILT_PRODUCTS_DIR; };
		D8C2FFCD299AA3D0000D78FC /* NewsTests.swift */ = {isa = PBXFileReference; lastKnownFileType = sourcecode.swift; path = NewsTests.swift; sourceTree = "<group>"; };
		D8C2FFD3299AA3D0000D78FC /* NewsUITests.xctest */ = {isa = PBXFileReference; explicitFileType = wrapper.cfbundle; includeInIndex = 0; path = NewsUITests.xctest; sourceTree = BUILT_PRODUCTS_DIR; };
		D8C2FFD7299AA3D0000D78FC /* NewsUITests.swift */ = {isa = PBXFileReference; lastKnownFileType = sourcecode.swift; path = NewsUITests.swift; sourceTree = "<group>"; };
		D8C2FFD9299AA3D0000D78FC /* NewsUITestsLaunchTests.swift */ = {isa = PBXFileReference; lastKnownFileType = sourcecode.swift; path = NewsUITestsLaunchTests.swift; sourceTree = "<group>"; };
/* End PBXFileReference section */

/* Begin PBXFrameworksBuildPhase section */
		D8C2FFB0299AA3CA000D78FC /* Frameworks */ = {
			isa = PBXFrameworksBuildPhase;
			buildActionMask = 2147483647;
			files = (
			);
			runOnlyForDeploymentPostprocessing = 0;
		};
		D8C2FFC6299AA3D0000D78FC /* Frameworks */ = {
			isa = PBXFrameworksBuildPhase;
			buildActionMask = 2147483647;
			files = (
			);
			runOnlyForDeploymentPostprocessing = 0;
		};
		D8C2FFD0299AA3D0000D78FC /* Frameworks */ = {
			isa = PBXFrameworksBuildPhase;
			buildActionMask = 2147483647;
			files = (
			);
			runOnlyForDeploymentPostprocessing = 0;
		};
/* End PBXFrameworksBuildPhase section */

/* Begin PBXGroup section */
		D8C2FFAA299AA3CA000D78FC = {
			isa = PBXGroup;
			children = (
				D8C2FFB5299AA3CA000D78FC /* News */,
				D8C2FFCC299AA3D0000D78FC /* NewsTests */,
				D8C2FFD6299AA3D0000D78FC /* NewsUITests */,
				D8C2FFB4299AA3CA000D78FC /* Products */,
			);
			sourceTree = "<group>";
		};
		D8C2FFB4299AA3CA000D78FC /* Products */ = {
			isa = PBXGroup;
			children = (
				D8C2FFB3299AA3CA000D78FC /* News.app */,
				D8C2FFC9299AA3D0000D78FC /* NewsTests.xctest */,
				D8C2FFD3299AA3D0000D78FC /* NewsUITests.xctest */,
			);
			name = Products;
			sourceTree = "<group>";
		};
		D8C2FFB5299AA3CA000D78FC /* News */ = {
			isa = PBXGroup;
			children = (
				D8C2FFB6299AA3CA000D78FC /* AppDelegate.swift */,
				D8C2FFB8299AA3CA000D78FC /* SceneDelegate.swift */,
				D8C2FFBA299AA3CA000D78FC /* ViewController.swift */,
				D8C2FFBC299AA3CA000D78FC /* Main.storyboard */,
				D8C2FFBF299AA3CF000D78FC /* Assets.xcassets */,
				D8C2FFC1299AA3CF000D78FC /* LaunchScreen.storyboard */,
				D8C2FFC4299AA3CF000D78FC /* Info.plist */,
			);
			path = News;
			sourceTree = "<group>";
		};
		D8C2FFCC299AA3D0000D78FC /* NewsTests */ = {
			isa = PBXGroup;
			children = (
				D8C2FFCD299AA3D0000D78FC /* NewsTests.swift */,
			);
			path = NewsTests;
			sourceTree = "<group>";
		};
		D8C2FFD6299AA3D0000D78FC /* NewsUITests */ = {
			isa = PBXGroup;
			children = (
				D8C2FFD7299AA3D0000D78FC /* NewsUITests.swift */,
				D8C2FFD9299AA3D0000D78FC /* NewsUITestsLaunchTests.swift */,
			);
			path = NewsUITests;
			sourceTree = "<group>";
		};
/* End PBXGroup section */

/* Begin PBXNativeTarget section */
		D8C2FFB2299AA3CA000D78FC /* News */ = {
			isa = PBXNativeTarget;
			buildConfigurationList = D8C2FFDD299AA3D0000D78FC /* Build configuration list for PBXNativeTarget "News" */;
			buildPhases = (
				D8C2FFAF299AA3CA000D78FC /* Sources */,
				D8C2FFB0299AA3CA000D78FC /* Frameworks */,
				D8C2FFB1299AA3CA000D78FC /* Resources */,
			);
			buildRules = (
			);
			dependencies = (
			);
			name = News;
			productName = News;
			productReference = D8C2FFB3299AA3CA000D78FC /* News.app */;
			productType = "com.apple.product-type.application";
		};
		D8C2FFC8299AA3D0000D78FC /* NewsTests */ = {
			isa = PBXNativeTarget;
			buildConfigurationList = D8C2FFE0299AA3D0000D78FC /* Build configuration list for PBXNativeTarget "NewsTests" */;
			buildPhases = (
				D8C2FFC5299AA3D0000D78FC /* Sources */,
				D8C2FFC6299AA3D0000D78FC /* Frameworks */,
				D8C2FFC7299AA3D0000D78FC /* Resources */,
			);
			buildRules = (
			);
			dependencies = (
				D8C2FFCB299AA3D0000D78FC /* PBXTargetDependency */,
			);
			name = NewsTests;
			productName = NewsTests;
			productReference = D8C2FFC9299AA3D0000D78FC /* NewsTests.xctest */;
			productType = "com.apple.product-type.bundle.unit-test";
		};
		D8C2FFD2299AA3D0000D78FC /* NewsUITests */ = {
			isa = PBXNativeTarget;
			buildConfigurationList = D8C2FFE3299AA3D0000D78FC /* Build configuration list for PBXNativeTarget "NewsUITests" */;
			buildPhases = (
				D8C2FFCF299AA3D0000D78FC /* Sources */,
				D8C2FFD0299AA3D0000D78FC /* Frameworks */,
				D8C2FFD1299AA3D0000D78FC /* Resources */,
			);
			buildRules = (
			);
			dependencies = (
				D8C2FFD5299AA3D0000D78FC /* PBXTargetDependency */,
			);
			name = NewsUITests;
			productName = NewsUITests;
			productReference = D8C2FFD3299AA3D0000D78FC /* NewsUITests.xctest */;
			productType = "com.apple.product-type.bundle.ui-testing";
		};
/* End PBXNativeTarget section */

/* Begin PBXProject section */
		D8C2FFAB299AA3CA000D78FC /* Project object */ = {
			isa = PBXProject;
			attributes = {
				BuildIndependentTargetsInParallel = 1;
				LastSwiftUpdateCheck = 1420;
				LastUpgradeCheck = 1420;
				TargetAttributes = {
					D8C2FFB2299AA3CA000D78FC = {
						CreatedOnToolsVersion = 14.2;
					};
					D8C2FFC8299AA3D0000D78FC = {
						CreatedOnToolsVersion = 14.2;
						TestTargetID = D8C2FFB2299AA3CA000D78FC;
					};
					D8C2FFD2299AA3D0000D78FC = {
						CreatedOnToolsVersion = 14.2;
						TestTargetID = D8C2FFB2299AA3CA000D78FC;
					};
				};
			};
			buildConfigurationList = D8C2FFAE299AA3CA000D78FC /* Build configuration list for PBXProject "News" */;
			compatibilityVersion = "Xcode 14.0";
			developmentRegion = en;
			hasScannedForEncodings = 0;
			knownRegions = (
				en,
				Base,
			);
			mainGroup = D8C2FFAA299AA3CA000D78FC;
			productRefGroup = D8C2FFB4299AA3CA000D78FC /* Products */;
			projectDirPath = "";
			projectRoot = "";
			targets = (
				D8C2FFB2299AA3CA000D78FC /* News */,
				D8C2FFC8299AA3D0000D78FC /* NewsTests */,
				D8C2FFD2299AA3D0000D78FC /* NewsUITests */,
			);
		};
/* End PBXProject section */

/* Begin PBXResourcesBuildPhase section */
		D8C2FFB1299AA3CA000D78FC /* Resources */ = {
			isa = PBXResourcesBuildPhase;
			buildActionMask = 2147483647;
			files = (
				D8C2FFC3299AA3CF000D78FC /* LaunchScreen.storyboard in Resources */,
				D8C2FFC0299AA3CF000D78FC /* Assets.xcassets in Resources */,
				D8C2FFBE299AA3CA000D78FC /* Main.storyboard in Resources */,
			);
			runOnlyForDeploymentPostprocessing = 0;
		};
		D8C2FFC7299AA3D0000D78FC /* Resources */ = {
			isa = PBXResourcesBuildPhase;
			buildActionMask = 2147483647;
			files = (
			);
			runOnlyForDeploymentPostprocessing = 0;
		};
		D8C2FFD1299AA3D0000D78FC /* Resources */ = {
			isa = PBXResourcesBuildPhase;
			buildActionMask = 2147483647;
			files = (
			);
			runOnlyForDeploymentPostprocessing = 0;
		};
/* End PBXResourcesBuildPhase section */

/* Begin PBXSourcesBuildPhase section */
		D8C2FFAF299AA3CA000D78FC /* Sources */ = {
			isa = PBXSourcesBuildPhase;
			buildActionMask = 2147483647;
			files = (
				D8C2FFBB299AA3CA000D78FC /* ViewController.swift in Sources */,
				D8C2FFB7299AA3CA000D78FC /* AppDelegate.swift in Sources */,
				D8C2FFB9299AA3CA000D78FC /* SceneDelegate.swift in Sources */,
			);
			runOnlyForDeploymentPostprocessing = 0;
		};
		D8C2FFC5299AA3D0000D78FC /* Sources */ = {
			isa = PBXSourcesBuildPhase;
			buildActionMask = 2147483647;
			files = (
				D8C2FFCE299AA3D0000D78FC /* NewsTests.swift in Sources */,
			);
			runOnlyForDeploymentPostprocessing = 0;
		};
		D8C2FFCF299AA3D0000D78FC /* Sources */ = {
			isa = PBXSourcesBuildPhase;
			buildActionMask = 2147483647;
			files = (
				D8C2FFD8299AA3D0000D78FC /* NewsUITests.swift in Sources */,
				D8C2FFDA299AA3D0000D78FC /* NewsUITestsLaunchTests.swift in Sources */,
			);
			runOnlyForDeploymentPostprocessing = 0;
		};
/* End PBXSourcesBuildPhase section */

/* Begin PBXTargetDependency section */
		D8C2FFCB299AA3D0000D78FC /* PBXTargetDependency */ = {
			isa = PBXTargetDependency;
			target = D8C2FFB2299AA3CA000D78FC /* News */;
			targetProxy = D8C2FFCA299AA3D0000D78FC /* PBXContainerItemProxy */;
		};
		D8C2FFD5299AA3D0000D78FC /* PBXTargetDependency */ = {
			isa = PBXTargetDependency;
			target = D8C2FFB2299AA3CA000D78FC /* News */;
			targetProxy = D8C2FFD4299AA3D0000D78FC /* PBXContainerItemProxy */;
		};
/* End PBXTargetDependency section */

/* Begin PBXVariantGroup section */
		D8C2FFBC299AA3CA000D78FC /* Main.storyboard */ = {
			isa = PBXVariantGroup;
			children = (
				D8C2FFBD299AA3CA000D78FC /* Base */,
			);
			name = Main.storyboard;
			sourceTree = "<group>";
		};
		D8C2FFC1299AA3CF000D78FC /* LaunchScreen.storyboard */ = {
			isa = PBXVariantGroup;
			children = (
				D8C2FFC2299AA3CF000D78FC /* Base */,
			);
			name = LaunchScreen.storyboard;
			sourceTree = "<group>";
		};
/* End PBXVariantGroup section */

/* Begin XCBuildConfiguration section */
		D8C2FFDB299AA3D0000D78FC /* Debug */ = {
			isa = XCBuildConfiguration;
			buildSettings = {
				ALWAYS_SEARCH_USER_PATHS = NO;
				CLANG_ANALYZER_NONNULL = YES;
				CLANG_ANALYZER_NUMBER_OBJECT_CONVERSION = YES_AGGRESSIVE;
				CLANG_CXX_LANGUAGE_STANDARD = "gnu++20";
				CLANG_ENABLE_MODULES = YES;
				CLANG_ENABLE_OBJC_ARC = YES;
				CLANG_ENABLE_OBJC_WEAK = YES;
				CLANG_WARN_BLOCK_CAPTURE_AUTORELEASING = YES;
				CLANG_WARN_BOOL_CONVERSION = YES;
				CLANG_WARN_COMMA = YES;
				CLANG_WARN_CONSTANT_CONVERSION = YES;
				CLANG_WARN_DEPRECATED_OBJC_IMPLEMENTATIONS = YES;
				CLANG_WARN_DIRECT_OBJC_ISA_USAGE = YES_ERROR;
				CLANG_WARN_DOCUMENTATION_COMMENTS = YES;
				CLANG_WARN_EMPTY_BODY = YES;
				CLANG_WARN_ENUM_CONVERSION = YES;
				CLANG_WARN_INFINITE_RECURSION = YES;
				CLANG_WARN_INT_CONVERSION = YES;
				CLANG_WARN_NON_LITERAL_NULL_CONVERSION = YES;
				CLANG_WARN_OBJC_IMPLICIT_RETAIN_SELF = YES;
				CLANG_WARN_OBJC_LITERAL_CONVERSION = YES;
				CLANG_WARN_OBJC_ROOT_CLASS = YES_ERROR;
				CLANG_WARN_QUOTED_INCLUDE_IN_FRAMEWORK_HEADER = YES;
				CLANG_WARN_RANGE_LOOP_ANALYSIS = YES;
				CLANG_WARN_STRICT_PROTOTYPES = YES;
				CLANG_WARN_SUSPICIOUS_MOVE = YES;
				CLANG_WARN_UNGUARDED_AVAILABILITY = YES_AGGRESSIVE;
				CLANG_WARN_UNREACHABLE_CODE = YES;
				CLANG_WARN__DUPLICATE_METHOD_MATCH = YES;
				COPY_PHASE_STRIP = NO;
				DEBUG_INFORMATION_FORMAT = dwarf;
				ENABLE_STRICT_OBJC_MSGSEND = YES;
				ENABLE_TESTABILITY = YES;
				GCC_C_LANGUAGE_STANDARD = gnu11;
				GCC_DYNAMIC_NO_PIC = NO;
				GCC_NO_COMMON_BLOCKS = YES;
				GCC_OPTIMIZATION_LEVEL = 0;
				GCC_PREPROCESSOR_DEFINITIONS = (
					"DEBUG=1",
					"$(inherited)",
				);
				GCC_WARN_64_TO_32_BIT_CONVERSION = YES;
				GCC_WARN_ABOUT_RETURN_TYPE = YES_ERROR;
				GCC_WARN_UNDECLARED_SELECTOR = YES;
				GCC_WARN_UNINITIALIZED_AUTOS = YES_AGGRESSIVE;
				GCC_WARN_UNUSED_FUNCTION = YES;
				GCC_WARN_UNUSED_VARIABLE = YES;
				IPHONEOS_DEPLOYMENT_TARGET = 16.2;
				MTL_ENABLE_DEBUG_INFO = INCLUDE_SOURCE;
				MTL_FAST_MATH = YES;
				ONLY_ACTIVE_ARCH = YES;
				SDKROOT = iphoneos;
				SWIFT_ACTIVE_COMPILATION_CONDITIONS = DEBUG;
				SWIFT_OPTIMIZATION_LEVEL = "-Onone";
			};
			name = Debug;
		};
		D8C2FFDC299AA3D0000D78FC /* Release */ = {
			isa = XCBuildConfiguration;
			buildSettings = {
				ALWAYS_SEARCH_USER_PATHS = NO;
				CLANG_ANALYZER_NONNULL = YES;
				CLANG_ANALYZER_NUMBER_OBJECT_CONVERSION = YES_AGGRESSIVE;
				CLANG_CXX_LANGUAGE_STANDARD = "gnu++20";
				CLANG_ENABLE_MODULES = YES;
				CLANG_ENABLE_OBJC_ARC = YES;
				CLANG_ENABLE_OBJC_WEAK = YES;
				CLANG_WARN_BLOCK_CAPTURE_AUTORELEASING = YES;
				CLANG_WARN_BOOL_CONVERSION = YES;
				CLANG_WARN_COMMA = YES;
				CLANG_WARN_CONSTANT_CONVERSION = YES;
				CLANG_WARN_DEPRECATED_OBJC_IMPLEMENTATIONS = YES;
				CLANG_WARN_DIRECT_OBJC_ISA_USAGE = YES_ERROR;
				CLANG_WARN_DOCUMENTATION_COMMENTS = YES;
				CLANG_WARN_EMPTY_BODY = YES;
				CLANG_WARN_ENUM_CONVERSION = YES;
				CLANG_WARN_INFINITE_RECURSION = YES;
				CLANG_WARN_INT_CONVERSION = YES;
				CLANG_WARN_NON_LITERAL_NULL_CONVERSION = YES;
				CLANG_WARN_OBJC_IMPLICIT_RETAIN_SELF = YES;
				CLANG_WARN_OBJC_LITERAL_CONVERSION = YES;
				CLANG_WARN_OBJC_ROOT_CLASS = YES_ERROR;
				CLANG_WARN_QUOTED_INCLUDE_IN_FRAMEWORK_HEADER = YES;
				CLANG_WARN_RANGE_LOOP_ANALYSIS = YES;
				CLANG_WARN_STRICT_PROTOTYPES = YES;
				CLANG_WARN_SUSPICIOUS_MOVE = YES;
				CLANG_WARN_UNGUARDED_AVAILABILITY = YES_AGGRESSIVE;
				CLANG_WARN_UNREACHABLE_CODE = YES;
				CLANG_WARN__DUPLICATE_METHOD_MATCH = YES;
				COPY_PHASE_STRIP = NO;
				DEBUG_INFORMATION_FORMAT = "dwarf-with-dsym";
				ENABLE_NS_ASSERTIONS = NO;
				ENABLE_STRICT_OBJC_MSGSEND = YES;
				GCC_C_LANGUAGE_STANDARD = gnu11;
				GCC_NO_COMMON_BLOCKS = YES;
				GCC_WARN_64_TO_32_BIT_CONVERSION = YES;
				GCC_WARN_ABOUT_RETURN_TYPE = YES_ERROR;
				GCC_WARN_UNDECLARED_SELECTOR = YES;
				GCC_WARN_UNINITIALIZED_AUTOS = YES_AGGRESSIVE;
				GCC_WARN_UNUSED_FUNCTION = YES;
				GCC_WARN_UNUSED_VARIABLE = YES;
				IPHONEOS_DEPLOYMENT_TARGET = 16.2;
				MTL_ENABLE_DEBUG_INFO = NO;
				MTL_FAST_MATH = YES;
				SDKROOT = iphoneos;
				SWIFT_COMPILATION_MODE = wholemodule;
				SWIFT_OPTIMIZATION_LEVEL = "-O";
				VALIDATE_PRODUCT = YES;
			};
			name = Release;
		};
		D8C2FFDE299AA3D0000D78FC /* Debug */ = {
			isa = XCBuildConfiguration;
			buildSettings = {
				ASSETCATALOG_COMPILER_APPICON_NAME = AppIcon;
				ASSETCATALOG_COMPILER_GLOBAL_ACCENT_COLOR_NAME = AccentColor;
				ASSETCATALOG_COMPILER_INCLUDE_ALL_APPICON_ASSETS = YES;
				CODE_SIGN_STYLE = Automatic;
				CURRENT_PROJECT_VERSION = 1;
				DEVELOPMENT_TEAM = 42H5WK8C67;
				GENERATE_INFOPLIST_FILE = YES;
				INFOPLIST_FILE = News/Info.plist;
				INFOPLIST_KEY_CFBundleDisplayName = Andina;
				INFOPLIST_KEY_LSApplicationCategoryType = "public.app-category.news";
				INFOPLIST_KEY_UIApplicationSupportsIndirectInputEvents = YES;
				INFOPLIST_KEY_UILaunchStoryboardName = LaunchScreen.storyboard;
				INFOPLIST_KEY_UIMainStoryboardFile = Main;
				INFOPLIST_KEY_UIStatusBarStyle = "";
				INFOPLIST_KEY_UISupportedInterfaceOrientations_iPad = "UIInterfaceOrientationPortrait UIInterfaceOrientationPortraitUpsideDown UIInterfaceOrientationLandscapeLeft UIInterfaceOrientationLandscapeRight";
				INFOPLIST_KEY_UISupportedInterfaceOrientations_iPhone = "UIInterfaceOrientationPortrait UIInterfaceOrientationLandscapeLeft UIInterfaceOrientationLandscapeRight";
				IPHONEOS_DEPLOYMENT_TARGET = 14.5;
				LD_RUNPATH_SEARCH_PATHS = (
					"$(inherited)",
					"@executable_path/Frameworks",
				);
				MARKETING_VERSION = 1.0;
				PRODUCT_BUNDLE_IDENTIFIER = Andina.News;
				PRODUCT_NAME = "$(TARGET_NAME)";
				SWIFT_EMIT_LOC_STRINGS = YES;
				SWIFT_VERSION = 5.0;
				TARGETED_DEVICE_FAMILY = "1,2";
			};
			name = Debug;
		};
		D8C2FFDF299AA3D0000D78FC /* Release */ = {
			isa = XCBuildConfiguration;
			buildSettings = {
				ASSETCATALOG_COMPILER_APPICON_NAME = AppIcon;
				ASSETCATALOG_COMPILER_GLOBAL_ACCENT_COLOR_NAME = AccentColor;
				ASSETCATALOG_COMPILER_INCLUDE_ALL_APPICON_ASSETS = YES;
				CODE_SIGN_STYLE = Automatic;
				CURRENT_PROJECT_VERSION = 1;
				DEVELOPMENT_TEAM = 42H5WK8C67;
				GENERATE_INFOPLIST_FILE = YES;
				INFOPLIST_FILE = News/Info.plist;
				INFOPLIST_KEY_CFBundleDisplayName = Andina;
				INFOPLIST_KEY_LSApplicationCategoryType = "public.app-category.news";
				INFOPLIST_KEY_UIApplicationSupportsIndirectInputEvents = YES;
				INFOPLIST_KEY_UILaunchStoryboardName = LaunchScreen.storyboard;
				INFOPLIST_KEY_UIMainStoryboardFile = Main;
				INFOPLIST_KEY_UIStatusBarStyle = "";
				INFOPLIST_KEY_UISupportedInterfaceOrientations_iPad = "UIInterfaceOrientationPortrait UIInterfaceOrientationPortraitUpsideDown UIInterfaceOrientationLandscapeLeft UIInterfaceOrientationLandscapeRight";
				INFOPLIST_KEY_UISupportedInterfaceOrientations_iPhone = "UIInterfaceOrientationPortrait UIInterfaceOrientationLandscapeLeft UIInterfaceOrientationLandscapeRight";
				IPHONEOS_DEPLOYMENT_TARGET = 14.5;
				LD_RUNPATH_SEARCH_PATHS = (
					"$(inherited)",
					"@executable_path/Frameworks",
				);
				MARKETING_VERSION = 1.0;
				PRODUCT_BUNDLE_IDENTIFIER = Andina.News;
				PRODUCT_NAME = "$(TARGET_NAME)";
				SWIFT_EMIT_LOC_STRINGS = YES;
				SWIFT_VERSION = 5.0;
				TARGETED_DEVICE_FAMILY = "1,2";
			};
			name = Release;
		};
		D8C2FFE1299AA3D0000D78FC /* Debug */ = {
			isa = XCBuildConfiguration;
			buildSettings = {
				ALWAYS_EMBED_SWIFT_STANDARD_LIBRARIES = YES;
				BUNDLE_LOADER = "$(TEST_HOST)";
				CODE_SIGN_STYLE = Automatic;
				CURRENT_PROJECT_VERSION = 1;
				DEVELOPMENT_TEAM = 42H5WK8C67;
				GENERATE_INFOPLIST_FILE = YES;
				IPHONEOS_DEPLOYMENT_TARGET = 16.2;
				MARKETING_VERSION = 1.0;
				PRODUCT_BUNDLE_IDENTIFIER = Andina.NewsTests;
				PRODUCT_NAME = "$(TARGET_NAME)";
				SWIFT_EMIT_LOC_STRINGS = NO;
				SWIFT_VERSION = 5.0;
				TARGETED_DEVICE_FAMILY = "1,2";
				TEST_HOST = "$(BUILT_PRODUCTS_DIR)/News.app/$(BUNDLE_EXECUTABLE_FOLDER_PATH)/News";
			};
			name = Debug;
		};
		D8C2FFE2299AA3D0000D78FC /* Release */ = {
			isa = XCBuildConfiguration;
			buildSettings = {
				ALWAYS_EMBED_SWIFT_STANDARD_LIBRARIES = YES;
				BUNDLE_LOADER = "$(TEST_HOST)";
				CODE_SIGN_STYLE = Automatic;
				CURRENT_PROJECT_VERSION = 1;
				DEVELOPMENT_TEAM = 42H5WK8C67;
				GENERATE_INFOPLIST_FILE = YES;
				IPHONEOS_DEPLOYMENT_TARGET = 16.2;
				MARKETING_VERSION = 1.0;
				PRODUCT_BUNDLE_IDENTIFIER = Andina.NewsTests;
				PRODUCT_NAME = "$(TARGET_NAME)";
				SWIFT_EMIT_LOC_STRINGS = NO;
				SWIFT_VERSION = 5.0;
				TARGETED_DEVICE_FAMILY = "1,2";
				TEST_HOST = "$(BUILT_PRODUCTS_DIR)/News.app/$(BUNDLE_EXECUTABLE_FOLDER_PATH)/News";
			};
			name = Release;
		};
		D8C2FFE4299AA3D0000D78FC /* Debug */ = {
			isa = XCBuildConfiguration;
			buildSettings = {
				ALWAYS_EMBED_SWIFT_STANDARD_LIBRARIES = YES;
				CODE_SIGN_STYLE = Automatic;
				CURRENT_PROJECT_VERSION = 1;
				DEVELOPMENT_TEAM = 42H5WK8C67;
				GENERATE_INFOPLIST_FILE = YES;
				MARKETING_VERSION = 1.0;
				PRODUCT_BUNDLE_IDENTIFIER = Andina.NewsUITests;
				PRODUCT_NAME = "$(TARGET_NAME)";
				SWIFT_EMIT_LOC_STRINGS = NO;
				SWIFT_VERSION = 5.0;
				TARGETED_DEVICE_FAMILY = "1,2";
				TEST_TARGET_NAME = News;
			};
			name = Debug;
		};
		D8C2FFE5299AA3D0000D78FC /* Release */ = {
			isa = XCBuildConfiguration;
			buildSettings = {
				ALWAYS_EMBED_SWIFT_STANDARD_LIBRARIES = YES;
				CODE_SIGN_STYLE = Automatic;
				CURRENT_PROJECT_VERSION = 1;
				DEVELOPMENT_TEAM = 42H5WK8C67;
				GENERATE_INFOPLIST_FILE = YES;
				MARKETING_VERSION = 1.0;
				PRODUCT_BUNDLE_IDENTIFIER = Andina.NewsUITests;
				PRODUCT_NAME = "$(TARGET_NAME)";
				SWIFT_EMIT_LOC_STRINGS = NO;
				SWIFT_VERSION = 5.0;
				TARGETED_DEVICE_FAMILY = "1,2";
				TEST_TARGET_NAME = News;
			};
			name = Release;
		};
/* End XCBuildConfiguration section */

/* Begin XCConfigurationList section */
		D8C2FFAE299AA3CA000D78FC /* Build configuration list for PBXProject "News" */ = {
			isa = XCConfigurationList;
			buildConfigurations = (
				D8C2FFDB299AA3D0000D78FC /* Debug */,
				D8C2FFDC299AA3D0000D78FC /* Release */,
			);
			defaultConfigurationIsVisible = 0;
			defaultConfigurationName = Release;
		};
		D8C2FFDD299AA3D0000D78FC /* Build configuration list for PBXNativeTarget "News" */ = {
			isa = XCConfigurationList;
			buildConfigurations = (
				D8C2FFDE299AA3D0000D78FC /* Debug */,
				D8C2FFDF299AA3D0000D78FC /* Release */,
			);
			defaultConfigurationIsVisible = 0;
			defaultConfigurationName = Release;
		};
		D8C2FFE0299AA3D0000D78FC /* Build configuration list for PBXNativeTarget "NewsTests" */ = {
			isa = XCConfigurationList;
			buildConfigurations = (
				D8C2FFE1299AA3D0000D78FC /* Debug */,
				D8C2FFE2299AA3D0000D78FC /* Release */,
			);
			defaultConfigurationIsVisible = 0;
			defaultConfigurationName = Release;
		};
		D8C2FFE3299AA3D0000D78FC /* Build configuration list for PBXNativeTarget "NewsUITests" */ = {
			isa = XCConfigurationList;
			buildConfigurations = (
				D8C2FFE4299AA3D0000D78FC /* Debug */,
				D8C2FFE5299AA3D0000D78FC /* Release */,
			);
			defaultConfigurationIsVisible = 0;
			defaultConfigurationName = Release;
		};
/* End XCConfigurationList section */
	};
	rootObject = D8C2FFAB299AA3CA000D78FC /* Project object */;
}
