// !$*UTF8*$!
{
	archiveVersion = 1;
	classes = {
	};
	objectVersion = 56;
	objects = {

/* Begin PBXBuildFile section */
		0B74145929B690C50072BE12 /* GoogleService-Info.plist in Resources */ = {isa = PBXBuildFile; fileRef = 0B74145829B690C50072BE12 /* GoogleService-Info.plist */; };
		0B97EF7529AD27E8007C044D /* WelcomeViewController.swift in Sources */ = {isa = PBXBuildFile; fileRef = 0B97EF7429AD27E8007C044D /* WelcomeViewController.swift */; };
		4371F763305D671FF3E84D7F /* Pods_News.framework in Frameworks */ = {isa = PBXBuildFile; fileRef = 7092EE44A8CBBE691C1A7D88 /* Pods_News.framework */; };
		A2CC01335508B1FAB74526BB /* Pods_News_NewsUITests.framework in Frameworks */ = {isa = PBXBuildFile; fileRef = 941EE56AD2E7A9E92BFE05E5 /* Pods_News_NewsUITests.framework */; };
		B422AA2916BBA4153010D994 /* Pods_NewsTests.framework in Frameworks */ = {isa = PBXBuildFile; fileRef = 493CD69A05B0F815502BAB8C /* Pods_NewsTests.framework */; };
		D8278D3029B2716B004CB82E /* Roboto in Resources */ = {isa = PBXBuildFile; fileRef = D8278D2F29B2716B004CB82E /* Roboto */; };
		D864E8CB29A53963007DC4DE /* HomeViewController.swift in Sources */ = {isa = PBXBuildFile; fileRef = D864E8CA29A53963007DC4DE /* HomeViewController.swift */; };
		D864E8CD29A586AA007DC4DE /* HomeViewController.xib in Resources */ = {isa = PBXBuildFile; fileRef = D864E8CC29A586A9007DC4DE /* HomeViewController.xib */; };
		D8C20000299C13CE000D78FC /* FirebaseInAppMessaging-Beta in Frameworks */ = {isa = PBXBuildFile; productRef = D8C2FFFF299C13CE000D78FC /* FirebaseInAppMessaging-Beta */; };
		D8C20002299C13CF000D78FC /* FirebaseInAppMessagingSwift-Beta in Frameworks */ = {isa = PBXBuildFile; productRef = D8C20001299C13CF000D78FC /* FirebaseInAppMessagingSwift-Beta */; };
		D8C20004299C13D0000D78FC /* FirebasePerformance in Frameworks */ = {isa = PBXBuildFile; productRef = D8C20003299C13D0000D78FC /* FirebasePerformance */; };
		D8C20006299C13D0000D78FC /* FirebaseStorage in Frameworks */ = {isa = PBXBuildFile; productRef = D8C20005299C13D0000D78FC /* FirebaseStorage */; };
		D8C20008299C13D1000D78FC /* FirebaseStorageCombine-Community in Frameworks */ = {isa = PBXBuildFile; productRef = D8C20007299C13D1000D78FC /* FirebaseStorageCombine-Community */; };
		D8C2FFB7299AA3CA000D78FC /* AppDelegate.swift in Sources */ = {isa = PBXBuildFile; fileRef = D8C2FFB6299AA3CA000D78FC /* AppDelegate.swift */; };
		D8C2FFB9299AA3CA000D78FC /* SceneDelegate.swift in Sources */ = {isa = PBXBuildFile; fileRef = D8C2FFB8299AA3CA000D78FC /* SceneDelegate.swift */; };
		D8C2FFBB299AA3CA000D78FC /* AuthViewController.swift in Sources */ = {isa = PBXBuildFile; fileRef = D8C2FFBA299AA3CA000D78FC /* AuthViewController.swift */; };
		D8C2FFBE299AA3CA000D78FC /* Main.storyboard in Resources */ = {isa = PBXBuildFile; fileRef = D8C2FFBC299AA3CA000D78FC /* Main.storyboard */; };
		D8C2FFC0299AA3CF000D78FC /* Assets.xcassets in Resources */ = {isa = PBXBuildFile; fileRef = D8C2FFBF299AA3CF000D78FC /* Assets.xcassets */; };
		D8C2FFC3299AA3CF000D78FC /* LaunchScreen.storyboard in Resources */ = {isa = PBXBuildFile; fileRef = D8C2FFC1299AA3CF000D78FC /* LaunchScreen.storyboard */; };
		D8C2FFCE299AA3D0000D78FC /* NewsTests.swift in Sources */ = {isa = PBXBuildFile; fileRef = D8C2FFCD299AA3D0000D78FC /* NewsTests.swift */; };
		D8C2FFD8299AA3D0000D78FC /* NewsUITests.swift in Sources */ = {isa = PBXBuildFile; fileRef = D8C2FFD7299AA3D0000D78FC /* NewsUITests.swift */; };
		D8C2FFDA299AA3D0000D78FC /* NewsUITestsLaunchTests.swift in Sources */ = {isa = PBXBuildFile; fileRef = D8C2FFD9299AA3D0000D78FC /* NewsUITestsLaunchTests.swift */; };
		D8C2FFEA299C13CB000D78FC /* FirebaseAnalytics in Frameworks */ = {isa = PBXBuildFile; productRef = D8C2FFE9299C13CB000D78FC /* FirebaseAnalytics */; };
		D8C2FFEC299C13CB000D78FC /* FirebaseAppCheck in Frameworks */ = {isa = PBXBuildFile; productRef = D8C2FFEB299C13CB000D78FC /* FirebaseAppCheck */; };
		D8C2FFEE299C13CB000D78FC /* FirebaseAuth in Frameworks */ = {isa = PBXBuildFile; productRef = D8C2FFED299C13CB000D78FC /* FirebaseAuth */; };
		D8C2FFF0299C13CB000D78FC /* FirebaseAuthCombine-Community in Frameworks */ = {isa = PBXBuildFile; productRef = D8C2FFEF299C13CB000D78FC /* FirebaseAuthCombine-Community */; };
		D8C2FFF2299C13CB000D78FC /* FirebaseCrashlytics in Frameworks */ = {isa = PBXBuildFile; productRef = D8C2FFF1299C13CB000D78FC /* FirebaseCrashlytics */; };
		D8C2FFF4299C13CC000D78FC /* FirebaseDatabase in Frameworks */ = {isa = PBXBuildFile; productRef = D8C2FFF3299C13CC000D78FC /* FirebaseDatabase */; };
		D8C2FFF6299C13CC000D78FC /* FirebaseDatabaseSwift in Frameworks */ = {isa = PBXBuildFile; productRef = D8C2FFF5299C13CC000D78FC /* FirebaseDatabaseSwift */; };
		D8C2FFF8299C13CC000D78FC /* FirebaseFirestore in Frameworks */ = {isa = PBXBuildFile; productRef = D8C2FFF7299C13CC000D78FC /* FirebaseFirestore */; };
		D8C2FFFA299C13CD000D78FC /* FirebaseFirestoreCombine-Community in Frameworks */ = {isa = PBXBuildFile; productRef = D8C2FFF9299C13CD000D78FC /* FirebaseFirestoreCombine-Community */; };
		D8C2FFFC299C13CD000D78FC /* FirebaseFirestoreSwift in Frameworks */ = {isa = PBXBuildFile; productRef = D8C2FFFB299C13CD000D78FC /* FirebaseFirestoreSwift */; };
		D8C2FFFE299C13CE000D78FC /* FirebaseFunctions in Frameworks */ = {isa = PBXBuildFile; productRef = D8C2FFFD299C13CE000D78FC /* FirebaseFunctions */; };
/* End PBXBuildFile section */

/* Begin PBXContainerItemProxy section */
		D8C2FFCA299AA3D0000D78FC /* PBXContainerItemProxy */ = {
			isa = PBXContainerItemProxy;
			containerPortal = D8C2FFAB299AA3CA000D78FC /* Project object */;
			proxyType = 1;
			remoteGlobalIDString = D8C2FFB2299AA3CA000D78FC;
			remoteInfo = News;
		};
		D8C2FFD4299AA3D0000D78FC /* PBXContainerItemProxy */ = {
			isa = PBXContainerItemProxy;
			containerPortal = D8C2FFAB299AA3CA000D78FC /* Project object */;
			proxyType = 1;
			remoteGlobalIDString = D8C2FFB2299AA3CA000D78FC;
			remoteInfo = News;
		};
/* End PBXContainerItemProxy section */

/* Begin PBXFileReference section */
		0B74145829B690C50072BE12 /* GoogleService-Info.plist */ = {isa = PBXFileReference; fileEncoding = 4; lastKnownFileType = text.plist.xml; name = "GoogleService-Info.plist"; path = "../../../Downloads/GoogleService-Info.plist"; sourceTree = "<group>"; };
		0B97EF7429AD27E8007C044D /* WelcomeViewController.swift */ = {isa = PBXFileReference; lastKnownFileType = sourcecode.swift; path = WelcomeViewController.swift; sourceTree = "<group>"; };
		294EB24693EF8D0D8C445EA5 /* Pods-News.release.xcconfig */ = {isa = PBXFileReference; includeInIndex = 1; lastKnownFileType = text.xcconfig; name = "Pods-News.release.xcconfig"; path = "Target Support Files/Pods-News/Pods-News.release.xcconfig"; sourceTree = "<group>"; };
		493CD69A05B0F815502BAB8C /* Pods_NewsTests.framework */ = {isa = PBXFileReference; explicitFileType = wrapper.framework; includeInIndex = 0; path = Pods_NewsTests.framework; sourceTree = BUILT_PRODUCTS_DIR; };
		6CCE15F172DD3B8D54C2E76A /* Pods-News-NewsUITests.release.xcconfig */ = {isa = PBXFileReference; includeInIndex = 1; lastKnownFileType = text.xcconfig; name = "Pods-News-NewsUITests.release.xcconfig"; path = "Target Support Files/Pods-News-NewsUITests/Pods-News-NewsUITests.release.xcconfig"; sourceTree = "<group>"; };
		7092EE44A8CBBE691C1A7D88 /* Pods_News.framework */ = {isa = PBXFileReference; explicitFileType = wrapper.framework; includeInIndex = 0; path = Pods_News.framework; sourceTree = BUILT_PRODUCTS_DIR; };
		7F522E38DD50C2A8711480CC /* Pods-NewsTests.release.xcconfig */ = {isa = PBXFileReference; includeInIndex = 1; lastKnownFileType = text.xcconfig; name = "Pods-NewsTests.release.xcconfig"; path = "Target Support Files/Pods-NewsTests/Pods-NewsTests.release.xcconfig"; sourceTree = "<group>"; };
		941EE56AD2E7A9E92BFE05E5 /* Pods_News_NewsUITests.framework */ = {isa = PBXFileReference; explicitFileType = wrapper.framework; includeInIndex = 0; path = Pods_News_NewsUITests.framework; sourceTree = BUILT_PRODUCTS_DIR; };
		AA6DFA7E1A41C667A1EF9EC0 /* Pods-NewsTests.debug.xcconfig */ = {isa = PBXFileReference; includeInIndex = 1; lastKnownFileType = text.xcconfig; name = "Pods-NewsTests.debug.xcconfig"; path = "Target Support Files/Pods-NewsTests/Pods-NewsTests.debug.xcconfig"; sourceTree = "<group>"; };
		C70E4E584C37106042A66F76 /* Pods-News.debug.xcconfig */ = {isa = PBXFileReference; includeInIndex = 1; lastKnownFileType = text.xcconfig; name = "Pods-News.debug.xcconfig"; path = "Target Support Files/Pods-News/Pods-News.debug.xcconfig"; sourceTree = "<group>"; };
		D8278D2F29B2716B004CB82E /* Roboto */ = {isa = PBXFileReference; lastKnownFileType = folder; path = Roboto; sourceTree = "<group>"; };
		D864E8CA29A53963007DC4DE /* HomeViewController.swift */ = {isa = PBXFileReference; lastKnownFileType = sourcecode.swift; path = HomeViewController.swift; sourceTree = "<group>"; };
		D864E8CC29A586A9007DC4DE /* HomeViewController.xib */ = {isa = PBXFileReference; lastKnownFileType = file.xib; path = HomeViewController.xib; sourceTree = "<group>"; };
		D8C2FFB3299AA3CA000D78FC /* News.app */ = {isa = PBXFileReference; explicitFileType = wrapper.application; includeInIndex = 0; path = News.app; sourceTree = BUILT_PRODUCTS_DIR; };
		D8C2FFB6299AA3CA000D78FC /* AppDelegate.swift */ = {isa = PBXFileReference; lastKnownFileType = sourcecode.swift; path = AppDelegate.swift; sourceTree = "<group>"; };
		D8C2FFB8299AA3CA000D78FC /* SceneDelegate.swift */ = {isa = PBXFileReference; lastKnownFileType = sourcecode.swift; path = SceneDelegate.swift; sourceTree = "<group>"; };
		D8C2FFBA299AA3CA000D78FC /* AuthViewController.swift */ = {isa = PBXFileReference; lastKnownFileType = sourcecode.swift; path = AuthViewController.swift; sourceTree = "<group>"; };
		D8C2FFBD299AA3CA000D78FC /* Base */ = {isa = PBXFileReference; lastKnownFileType = file.storyboard; name = Base; path = Base.lproj/Main.storyboard; sourceTree = "<group>"; };
		D8C2FFBF299AA3CF000D78FC /* Assets.xcassets */ = {isa = PBXFileReference; lastKnownFileType = folder.assetcatalog; path = Assets.xcassets; sourceTree = "<group>"; };
		D8C2FFC2299AA3CF000D78FC /* Base */ = {isa = PBXFileReference; lastKnownFileType = file.storyboard; name = Base; path = Base.lproj/LaunchScreen.storyboard; sourceTree = "<group>"; };
		D8C2FFC4299AA3CF000D78FC /* Info.plist */ = {isa = PBXFileReference; lastKnownFileType = text.plist.xml; path = Info.plist; sourceTree = "<group>"; };
		D8C2FFC9299AA3D0000D78FC /* NewsTests.xctest */ = {isa = PBXFileReference; explicitFileType = wrapper.cfbundle; includeInIndex = 0; path = NewsTests.xctest; sourceTree = BUILT_PRODUCTS_DIR; };
		D8C2FFCD299AA3D0000D78FC /* NewsTests.swift */ = {isa = PBXFileReference; lastKnownFileType = sourcecode.swift; path = NewsTests.swift; sourceTree = "<group>"; };
		D8C2FFD3299AA3D0000D78FC /* NewsUITests.xctest */ = {isa = PBXFileReference; explicitFileType = wrapper.cfbundle; includeInIndex = 0; path = NewsUITests.xctest; sourceTree = BUILT_PRODUCTS_DIR; };
		D8C2FFD7299AA3D0000D78FC /* NewsUITests.swift */ = {isa = PBXFileReference; lastKnownFileType = sourcecode.swift; path = NewsUITests.swift; sourceTree = "<group>"; };
		D8C2FFD9299AA3D0000D78FC /* NewsUITestsLaunchTests.swift */ = {isa = PBXFileReference; lastKnownFileType = sourcecode.swift; path = NewsUITestsLaunchTests.swift; sourceTree = "<group>"; };
		FB221A0638F4C88D17DD6307 /* Pods-News-NewsUITests.debug.xcconfig */ = {isa = PBXFileReference; includeInIndex = 1; lastKnownFileType = text.xcconfig; name = "Pods-News-NewsUITests.debug.xcconfig"; path = "Target Support Files/Pods-News-NewsUITests/Pods-News-NewsUITests.debug.xcconfig"; sourceTree = "<group>"; };
/* End PBXFileReference section */

/* Begin PBXFrameworksBuildPhase section */
		D8C2FFB0299AA3CA000D78FC /* Frameworks */ = {
			isa = PBXFrameworksBuildPhase;
			buildActionMask = 2147483647;
			files = (
				D8C20004299C13D0000D78FC /* FirebasePerformance in Frameworks */,
				D8C2FFF6299C13CC000D78FC /* FirebaseDatabaseSwift in Frameworks */,
				D8C2FFF4299C13CC000D78FC /* FirebaseDatabase in Frameworks */,
				D8C2FFEC299C13CB000D78FC /* FirebaseAppCheck in Frameworks */,
				D8C2FFFA299C13CD000D78FC /* FirebaseFirestoreCombine-Community in Frameworks */,
				D8C2FFEE299C13CB000D78FC /* FirebaseAuth in Frameworks */,
				D8C2FFFC299C13CD000D78FC /* FirebaseFirestoreSwift in Frameworks */,
				D8C2FFF2299C13CB000D78FC /* FirebaseCrashlytics in Frameworks */,
				D8C20006299C13D0000D78FC /* FirebaseStorage in Frameworks */,
				D8C2FFF8299C13CC000D78FC /* FirebaseFirestore in Frameworks */,
				D8C20008299C13D1000D78FC /* FirebaseStorageCombine-Community in Frameworks */,
				D8C20002299C13CF000D78FC /* FirebaseInAppMessagingSwift-Beta in Frameworks */,
				D8C2FFEA299C13CB000D78FC /* FirebaseAnalytics in Frameworks */,
				D8C2FFFE299C13CE000D78FC /* FirebaseFunctions in Frameworks */,
				D8C2FFF0299C13CB000D78FC /* FirebaseAuthCombine-Community in Frameworks */,
				D8C20000299C13CE000D78FC /* FirebaseInAppMessaging-Beta in Frameworks */,
				4371F763305D671FF3E84D7F /* Pods_News.framework in Frameworks */,
			);
			runOnlyForDeploymentPostprocessing = 0;
		};
		D8C2FFC6299AA3D0000D78FC /* Frameworks */ = {
			isa = PBXFrameworksBuildPhase;
			buildActionMask = 2147483647;
			files = (
				B422AA2916BBA4153010D994 /* Pods_NewsTests.framework in Frameworks */,
			);
			runOnlyForDeploymentPostprocessing = 0;
		};
		D8C2FFD0299AA3D0000D78FC /* Frameworks */ = {
			isa = PBXFrameworksBuildPhase;
			buildActionMask = 2147483647;
			files = (
				A2CC01335508B1FAB74526BB /* Pods_News_NewsUITests.framework in Frameworks */,
			);
			runOnlyForDeploymentPostprocessing = 0;
		};
/* End PBXFrameworksBuildPhase section */

/* Begin PBXGroup section */
		73D92FA5E156C13028104DB9 /* Frameworks */ = {
			isa = PBXGroup;
			children = (
				7092EE44A8CBBE691C1A7D88 /* Pods_News.framework */,
				941EE56AD2E7A9E92BFE05E5 /* Pods_News_NewsUITests.framework */,
				493CD69A05B0F815502BAB8C /* Pods_NewsTests.framework */,
			);
			name = Frameworks;
			sourceTree = "<group>";
		};
		D612EFFB833DA3DDEE224F57 /* Pods */ = {
			isa = PBXGroup;
			children = (
				C70E4E584C37106042A66F76 /* Pods-News.debug.xcconfig */,
				294EB24693EF8D0D8C445EA5 /* Pods-News.release.xcconfig */,
				FB221A0638F4C88D17DD6307 /* Pods-News-NewsUITests.debug.xcconfig */,
				6CCE15F172DD3B8D54C2E76A /* Pods-News-NewsUITests.release.xcconfig */,
				AA6DFA7E1A41C667A1EF9EC0 /* Pods-NewsTests.debug.xcconfig */,
				7F522E38DD50C2A8711480CC /* Pods-NewsTests.release.xcconfig */,
			);
			path = Pods;
			sourceTree = "<group>";
		};
		D8C2FFAA299AA3CA000D78FC = {
			isa = PBXGroup;
			children = (
				D8278D2F29B2716B004CB82E /* Roboto */,
				D8C2FFB5299AA3CA000D78FC /* News */,
				D8C2FFCC299AA3D0000D78FC /* NewsTests */,
				D8C2FFD6299AA3D0000D78FC /* NewsUITests */,
				D8C2FFB4299AA3CA000D78FC /* Products */,
				D612EFFB833DA3DDEE224F57 /* Pods */,
				73D92FA5E156C13028104DB9 /* Frameworks */,
			);
			sourceTree = "<group>";
		};
		D8C2FFB4299AA3CA000D78FC /* Products */ = {
			isa = PBXGroup;
			children = (
				D8C2FFB3299AA3CA000D78FC /* News.app */,
				D8C2FFC9299AA3D0000D78FC /* NewsTests.xctest */,
				D8C2FFD3299AA3D0000D78FC /* NewsUITests.xctest */,
			);
			name = Products;
			sourceTree = "<group>";
		};
		D8C2FFB5299AA3CA000D78FC /* News */ = {
			isa = PBXGroup;
			children = (
				0B74145829B690C50072BE12 /* GoogleService-Info.plist */,
				D8C2FFB6299AA3CA000D78FC /* AppDelegate.swift */,
				D8C2FFB8299AA3CA000D78FC /* SceneDelegate.swift */,
				D8C2FFBA299AA3CA000D78FC /* AuthViewController.swift */,
				D8C2FFBC299AA3CA000D78FC /* Main.storyboard */,
				D864E8CA29A53963007DC4DE /* HomeViewController.swift */,
				D8C2FFBF299AA3CF000D78FC /* Assets.xcassets */,
				D8C2FFC1299AA3CF000D78FC /* LaunchScreen.storyboard */,
				D8C2FFC4299AA3CF000D78FC /* Info.plist */,
				D864E8CC29A586A9007DC4DE /* HomeViewController.xib */,
				0B97EF7429AD27E8007C044D /* WelcomeViewController.swift */,
			);
			path = News;
			sourceTree = "<group>";
		};
		D8C2FFCC299AA3D0000D78FC /* NewsTests */ = {
			isa = PBXGroup;
			children = (
				D8C2FFCD299AA3D0000D78FC /* NewsTests.swift */,
			);
			path = NewsTests;
			sourceTree = "<group>";
		};
		D8C2FFD6299AA3D0000D78FC /* NewsUITests */ = {
			isa = PBXGroup;
			children = (
				D8C2FFD7299AA3D0000D78FC /* NewsUITests.swift */,
				D8C2FFD9299AA3D0000D78FC /* NewsUITestsLaunchTests.swift */,
			);
			path = NewsUITests;
			sourceTree = "<group>";
		};
/* End PBXGroup section */

/* Begin PBXNativeTarget section */
		D8C2FFB2299AA3CA000D78FC /* News */ = {
			isa = PBXNativeTarget;
			buildConfigurationList = D8C2FFDD299AA3D0000D78FC /* Build configuration list for PBXNativeTarget "News" */;
			buildPhases = (
				B90B418DFC98712B439E3E65 /* [CP] Check Pods Manifest.lock */,
				D8C2FFAF299AA3CA000D78FC /* Sources */,
				D8C2FFB0299AA3CA000D78FC /* Frameworks */,
				D8C2FFB1299AA3CA000D78FC /* Resources */,
				59F3FEEFF217A5152EF63810 /* [CP] Embed Pods Frameworks */,
			);
			buildRules = (
			);
			dependencies = (
			);
			name = News;
			packageProductDependencies = (
				D8C2FFE9299C13CB000D78FC /* FirebaseAnalytics */,
				D8C2FFEB299C13CB000D78FC /* FirebaseAppCheck */,
				D8C2FFED299C13CB000D78FC /* FirebaseAuth */,
				D8C2FFEF299C13CB000D78FC /* FirebaseAuthCombine-Community */,
				D8C2FFF1299C13CB000D78FC /* FirebaseCrashlytics */,
				D8C2FFF3299C13CC000D78FC /* FirebaseDatabase */,
				D8C2FFF5299C13CC000D78FC /* FirebaseDatabaseSwift */,
				D8C2FFF7299C13CC000D78FC /* FirebaseFirestore */,
				D8C2FFF9299C13CD000D78FC /* FirebaseFirestoreCombine-Community */,
				D8C2FFFB299C13CD000D78FC /* FirebaseFirestoreSwift */,
				D8C2FFFD299C13CE000D78FC /* FirebaseFunctions */,
				D8C2FFFF299C13CE000D78FC /* FirebaseInAppMessaging-Beta */,
				D8C20001299C13CF000D78FC /* FirebaseInAppMessagingSwift-Beta */,
				D8C20003299C13D0000D78FC /* FirebasePerformance */,
				D8C20005299C13D0000D78FC /* FirebaseStorage */,
				D8C20007299C13D1000D78FC /* FirebaseStorageCombine-Community */,
			);
			productName = News;
			productReference = D8C2FFB3299AA3CA000D78FC /* News.app */;
			productType = "com.apple.product-type.application";
		};
		D8C2FFC8299AA3D0000D78FC /* NewsTests */ = {
			isa = PBXNativeTarget;
			buildConfigurationList = D8C2FFE0299AA3D0000D78FC /* Build configuration list for PBXNativeTarget "NewsTests" */;
			buildPhases = (
				CC3917A4FA4215545C58C3C5 /* [CP] Check Pods Manifest.lock */,
				D8C2FFC5299AA3D0000D78FC /* Sources */,
				D8C2FFC6299AA3D0000D78FC /* Frameworks */,
				D8C2FFC7299AA3D0000D78FC /* Resources */,
			);
			buildRules = (
			);
			dependencies = (
				D8C2FFCB299AA3D0000D78FC /* PBXTargetDependency */,
			);
			name = NewsTests;
			productName = NewsTests;
			productReference = D8C2FFC9299AA3D0000D78FC /* NewsTests.xctest */;
			productType = "com.apple.product-type.bundle.unit-test";
		};
		D8C2FFD2299AA3D0000D78FC /* NewsUITests */ = {
			isa = PBXNativeTarget;
			buildConfigurationList = D8C2FFE3299AA3D0000D78FC /* Build configuration list for PBXNativeTarget "NewsUITests" */;
			buildPhases = (
				A434373DCB9A7A35172B5EB3 /* [CP] Check Pods Manifest.lock */,
				D8C2FFCF299AA3D0000D78FC /* Sources */,
				D8C2FFD0299AA3D0000D78FC /* Frameworks */,
				D8C2FFD1299AA3D0000D78FC /* Resources */,
				8CE32FE37254218F698CC818 /* [CP] Embed Pods Frameworks */,
			);
			buildRules = (
			);
			dependencies = (
				D8C2FFD5299AA3D0000D78FC /* PBXTargetDependency */,
			);
			name = NewsUITests;
			productName = NewsUITests;
			productReference = D8C2FFD3299AA3D0000D78FC /* NewsUITests.xctest */;
			productType = "com.apple.product-type.bundle.ui-testing";
		};
/* End PBXNativeTarget section */

/* Begin PBXProject section */
		D8C2FFAB299AA3CA000D78FC /* Project object */ = {
			isa = PBXProject;
			attributes = {
				BuildIndependentTargetsInParallel = 1;
				LastSwiftUpdateCheck = 1420;
				LastUpgradeCheck = 1420;
				TargetAttributes = {
					D8C2FFB2299AA3CA000D78FC = {
						CreatedOnToolsVersion = 14.2;
					};
					D8C2FFC8299AA3D0000D78FC = {
						CreatedOnToolsVersion = 14.2;
						TestTargetID = D8C2FFB2299AA3CA000D78FC;
					};
					D8C2FFD2299AA3D0000D78FC = {
						CreatedOnToolsVersion = 14.2;
						TestTargetID = D8C2FFB2299AA3CA000D78FC;
					};
				};
			};
			buildConfigurationList = D8C2FFAE299AA3CA000D78FC /* Build configuration list for PBXProject "News" */;
			compatibilityVersion = "Xcode 14.0";
			developmentRegion = en;
			hasScannedForEncodings = 0;
			knownRegions = (
				en,
				Base,
			);
			mainGroup = D8C2FFAA299AA3CA000D78FC;
			packageReferences = (
				D8C2FFE8299C13CB000D78FC /* XCRemoteSwiftPackageReference "firebase-ios-sdk" */,
			);
			productRefGroup = D8C2FFB4299AA3CA000D78FC /* Products */;
			projectDirPath = "";
			projectRoot = "";
			targets = (
				D8C2FFB2299AA3CA000D78FC /* News */,
				D8C2FFC8299AA3D0000D78FC /* NewsTests */,
				D8C2FFD2299AA3D0000D78FC /* NewsUITests */,
			);
		};
/* End PBXProject section */

/* Begin PBXResourcesBuildPhase section */
		D8C2FFB1299AA3CA000D78FC /* Resources */ = {
			isa = PBXResourcesBuildPhase;
			buildActionMask = 2147483647;
			files = (
				D8C2FFC3299AA3CF000D78FC /* LaunchScreen.storyboard in Resources */,
				D864E8CD29A586AA007DC4DE /* HomeViewController.xib in Resources */,
				D8C2FFC0299AA3CF000D78FC /* Assets.xcassets in Resources */,
				D8C2FFBE299AA3CA000D78FC /* Main.storyboard in Resources */,
				D8278D3029B2716B004CB82E /* Roboto in Resources */,
				0B74145929B690C50072BE12 /* GoogleService-Info.plist in Resources */,
			);
			runOnlyForDeploymentPostprocessing = 0;
		};
		D8C2FFC7299AA3D0000D78FC /* Resources */ = {
			isa = PBXResourcesBuildPhase;
			buildActionMask = 2147483647;
			files = (
			);
			runOnlyForDeploymentPostprocessing = 0;
		};
		D8C2FFD1299AA3D0000D78FC /* Resources */ = {
			isa = PBXResourcesBuildPhase;
			buildActionMask = 2147483647;
			files = (
			);
			runOnlyForDeploymentPostprocessing = 0;
		};
/* End PBXResourcesBuildPhase section */

/* Begin PBXShellScriptBuildPhase section */
		59F3FEEFF217A5152EF63810 /* [CP] Embed Pods Frameworks */ = {
			isa = PBXShellScriptBuildPhase;
			buildActionMask = 2147483647;
			files = (
			);
			inputFileListPaths = (
				"${PODS_ROOT}/Target Support Files/Pods-News/Pods-News-frameworks-${CONFIGURATION}-input-files.xcfilelist",
			);
			name = "[CP] Embed Pods Frameworks";
			outputFileListPaths = (
				"${PODS_ROOT}/Target Support Files/Pods-News/Pods-News-frameworks-${CONFIGURATION}-output-files.xcfilelist",
			);
			runOnlyForDeploymentPostprocessing = 0;
			shellPath = /bin/sh;
			shellScript = "\"${PODS_ROOT}/Target Support Files/Pods-News/Pods-News-frameworks.sh\"\n";
			showEnvVarsInLog = 0;
		};
		8CE32FE37254218F698CC818 /* [CP] Embed Pods Frameworks */ = {
			isa = PBXShellScriptBuildPhase;
			buildActionMask = 2147483647;
			files = (
			);
			inputFileListPaths = (
				"${PODS_ROOT}/Target Support Files/Pods-News-NewsUITests/Pods-News-NewsUITests-frameworks-${CONFIGURATION}-input-files.xcfilelist",
			);
			name = "[CP] Embed Pods Frameworks";
			outputFileListPaths = (
				"${PODS_ROOT}/Target Support Files/Pods-News-NewsUITests/Pods-News-NewsUITests-frameworks-${CONFIGURATION}-output-files.xcfilelist",
			);
			runOnlyForDeploymentPostprocessing = 0;
			shellPath = /bin/sh;
			shellScript = "\"${PODS_ROOT}/Target Support Files/Pods-News-NewsUITests/Pods-News-NewsUITests-frameworks.sh\"\n";
			showEnvVarsInLog = 0;
		};
		A434373DCB9A7A35172B5EB3 /* [CP] Check Pods Manifest.lock */ = {
			isa = PBXShellScriptBuildPhase;
			buildActionMask = 2147483647;
			files = (
			);
			inputFileListPaths = (
			);
			inputPaths = (
				"${PODS_PODFILE_DIR_PATH}/Podfile.lock",
				"${PODS_ROOT}/Manifest.lock",
			);
			name = "[CP] Check Pods Manifest.lock";
			outputFileListPaths = (
			);
			outputPaths = (
				"$(DERIVED_FILE_DIR)/Pods-News-NewsUITests-checkManifestLockResult.txt",
			);
			runOnlyForDeploymentPostprocessing = 0;
			shellPath = /bin/sh;
			shellScript = "diff \"${PODS_PODFILE_DIR_PATH}/Podfile.lock\" \"${PODS_ROOT}/Manifest.lock\" > /dev/null\nif [ $? != 0 ] ; then\n    # print error to STDERR\n    echo \"error: The sandbox is not in sync with the Podfile.lock. Run 'pod install' or update your CocoaPods installation.\" >&2\n    exit 1\nfi\n# This output is used by Xcode 'outputs' to avoid re-running this script phase.\necho \"SUCCESS\" > \"${SCRIPT_OUTPUT_FILE_0}\"\n";
			showEnvVarsInLog = 0;
		};
		B90B418DFC98712B439E3E65 /* [CP] Check Pods Manifest.lock */ = {
			isa = PBXShellScriptBuildPhase;
			buildActionMask = 2147483647;
			files = (
			);
			inputFileListPaths = (
			);
			inputPaths = (
				"${PODS_PODFILE_DIR_PATH}/Podfile.lock",
				"${PODS_ROOT}/Manifest.lock",
			);
			name = "[CP] Check Pods Manifest.lock";
			outputFileListPaths = (
			);
			outputPaths = (
				"$(DERIVED_FILE_DIR)/Pods-News-checkManifestLockResult.txt",
			);
			runOnlyForDeploymentPostprocessing = 0;
			shellPath = /bin/sh;
			shellScript = "diff \"${PODS_PODFILE_DIR_PATH}/Podfile.lock\" \"${PODS_ROOT}/Manifest.lock\" > /dev/null\nif [ $? != 0 ] ; then\n    # print error to STDERR\n    echo \"error: The sandbox is not in sync with the Podfile.lock. Run 'pod install' or update your CocoaPods installation.\" >&2\n    exit 1\nfi\n# This output is used by Xcode 'outputs' to avoid re-running this script phase.\necho \"SUCCESS\" > \"${SCRIPT_OUTPUT_FILE_0}\"\n";
			showEnvVarsInLog = 0;
		};
		CC3917A4FA4215545C58C3C5 /* [CP] Check Pods Manifest.lock */ = {
			isa = PBXShellScriptBuildPhase;
			buildActionMask = 2147483647;
			files = (
			);
			inputFileListPaths = (
			);
			inputPaths = (
				"${PODS_PODFILE_DIR_PATH}/Podfile.lock",
				"${PODS_ROOT}/Manifest.lock",
			);
			name = "[CP] Check Pods Manifest.lock";
			outputFileListPaths = (
			);
			outputPaths = (
				"$(DERIVED_FILE_DIR)/Pods-NewsTests-checkManifestLockResult.txt",
			);
			runOnlyForDeploymentPostprocessing = 0;
			shellPath = /bin/sh;
			shellScript = "diff \"${PODS_PODFILE_DIR_PATH}/Podfile.lock\" \"${PODS_ROOT}/Manifest.lock\" > /dev/null\nif [ $? != 0 ] ; then\n    # print error to STDERR\n    echo \"error: The sandbox is not in sync with the Podfile.lock. Run 'pod install' or update your CocoaPods installation.\" >&2\n    exit 1\nfi\n# This output is used by Xcode 'outputs' to avoid re-running this script phase.\necho \"SUCCESS\" > \"${SCRIPT_OUTPUT_FILE_0}\"\n";
			showEnvVarsInLog = 0;
		};
/* End PBXShellScriptBuildPhase section */

/* Begin PBXSourcesBuildPhase section */
		D8C2FFAF299AA3CA000D78FC /* Sources */ = {
			isa = PBXSourcesBuildPhase;
			buildActionMask = 2147483647;
			files = (
				D8C2FFBB299AA3CA000D78FC /* AuthViewController.swift in Sources */,
				0B97EF7529AD27E8007C044D /* WelcomeViewController.swift in Sources */,
				D8C2FFB7299AA3CA000D78FC /* AppDelegate.swift in Sources */,
				D8C2FFB9299AA3CA000D78FC /* SceneDelegate.swift in Sources */,
				D864E8CB29A53963007DC4DE /* HomeViewController.swift in Sources */,
			);
			runOnlyForDeploymentPostprocessing = 0;
		};
		D8C2FFC5299AA3D0000D78FC /* Sources */ = {
			isa = PBXSourcesBuildPhase;
			buildActionMask = 2147483647;
			files = (
				D8C2FFCE299AA3D0000D78FC /* NewsTests.swift in Sources */,
			);
			runOnlyForDeploymentPostprocessing = 0;
		};
		D8C2FFCF299AA3D0000D78FC /* Sources */ = {
			isa = PBXSourcesBuildPhase;
			buildActionMask = 2147483647;
			files = (
				D8C2FFD8299AA3D0000D78FC /* NewsUITests.swift in Sources */,
				D8C2FFDA299AA3D0000D78FC /* NewsUITestsLaunchTests.swift in Sources */,
			);
			runOnlyForDeploymentPostprocessing = 0;
		};
/* End PBXSourcesBuildPhase section */

/* Begin PBXTargetDependency section */
		D8C2FFCB299AA3D0000D78FC /* PBXTargetDependency */ = {
			isa = PBXTargetDependency;
			target = D8C2FFB2299AA3CA000D78FC /* News */;
			targetProxy = D8C2FFCA299AA3D0000D78FC /* PBXContainerItemProxy */;
		};
		D8C2FFD5299AA3D0000D78FC /* PBXTargetDependency */ = {
			isa = PBXTargetDependency;
			target = D8C2FFB2299AA3CA000D78FC /* News */;
			targetProxy = D8C2FFD4299AA3D0000D78FC /* PBXContainerItemProxy */;
		};
/* End PBXTargetDependency section */

/* Begin PBXVariantGroup section */
		D8C2FFBC299AA3CA000D78FC /* Main.storyboard */ = {
			isa = PBXVariantGroup;
			children = (
				D8C2FFBD299AA3CA000D78FC /* Base */,
			);
			name = Main.storyboard;
			sourceTree = "<group>";
		};
		D8C2FFC1299AA3CF000D78FC /* LaunchScreen.storyboard */ = {
			isa = PBXVariantGroup;
			children = (
				D8C2FFC2299AA3CF000D78FC /* Base */,
			);
			name = LaunchScreen.storyboard;
			sourceTree = "<group>";
		};
/* End PBXVariantGroup section */

/* Begin XCBuildConfiguration section */
		D8C2FFDB299AA3D0000D78FC /* Debug */ = {
			isa = XCBuildConfiguration;
			buildSettings = {
				ALWAYS_SEARCH_USER_PATHS = NO;
				CLANG_ANALYZER_NONNULL = YES;
				CLANG_ANALYZER_NUMBER_OBJECT_CONVERSION = YES_AGGRESSIVE;
				CLANG_CXX_LANGUAGE_STANDARD = "gnu++20";
				CLANG_ENABLE_MODULES = YES;
				CLANG_ENABLE_OBJC_ARC = YES;
				CLANG_ENABLE_OBJC_WEAK = YES;
				CLANG_WARN_BLOCK_CAPTURE_AUTORELEASING = YES;
				CLANG_WARN_BOOL_CONVERSION = YES;
				CLANG_WARN_COMMA = YES;
				CLANG_WARN_CONSTANT_CONVERSION = YES;
				CLANG_WARN_DEPRECATED_OBJC_IMPLEMENTATIONS = YES;
				CLANG_WARN_DIRECT_OBJC_ISA_USAGE = YES_ERROR;
				CLANG_WARN_DOCUMENTATION_COMMENTS = YES;
				CLANG_WARN_EMPTY_BODY = YES;
				CLANG_WARN_ENUM_CONVERSION = YES;
				CLANG_WARN_INFINITE_RECURSION = YES;
				CLANG_WARN_INT_CONVERSION = YES;
				CLANG_WARN_NON_LITERAL_NULL_CONVERSION = YES;
				CLANG_WARN_OBJC_IMPLICIT_RETAIN_SELF = YES;
				CLANG_WARN_OBJC_LITERAL_CONVERSION = YES;
				CLANG_WARN_OBJC_ROOT_CLASS = YES_ERROR;
				CLANG_WARN_QUOTED_INCLUDE_IN_FRAMEWORK_HEADER = YES;
				CLANG_WARN_RANGE_LOOP_ANALYSIS = YES;
				CLANG_WARN_STRICT_PROTOTYPES = YES;
				CLANG_WARN_SUSPICIOUS_MOVE = YES;
				CLANG_WARN_UNGUARDED_AVAILABILITY = YES_AGGRESSIVE;
				CLANG_WARN_UNREACHABLE_CODE = YES;
				CLANG_WARN__DUPLICATE_METHOD_MATCH = YES;
				COPY_PHASE_STRIP = NO;
				DEBUG_INFORMATION_FORMAT = dwarf;
				ENABLE_STRICT_OBJC_MSGSEND = YES;
				ENABLE_TESTABILITY = YES;
				GCC_C_LANGUAGE_STANDARD = gnu11;
				GCC_DYNAMIC_NO_PIC = NO;
				GCC_NO_COMMON_BLOCKS = YES;
				GCC_OPTIMIZATION_LEVEL = 0;
				GCC_PREPROCESSOR_DEFINITIONS = (
					"DEBUG=1",
					"$(inherited)",
				);
				GCC_WARN_64_TO_32_BIT_CONVERSION = YES;
				GCC_WARN_ABOUT_RETURN_TYPE = YES_ERROR;
				GCC_WARN_UNDECLARED_SELECTOR = YES;
				GCC_WARN_UNINITIALIZED_AUTOS = YES_AGGRESSIVE;
				GCC_WARN_UNUSED_FUNCTION = YES;
				GCC_WARN_UNUSED_VARIABLE = YES;
				IPHONEOS_DEPLOYMENT_TARGET = 16.2;
				MTL_ENABLE_DEBUG_INFO = INCLUDE_SOURCE;
				MTL_FAST_MATH = YES;
				ONLY_ACTIVE_ARCH = YES;
				SDKROOT = iphoneos;
				SWIFT_ACTIVE_COMPILATION_CONDITIONS = DEBUG;
				SWIFT_OPTIMIZATION_LEVEL = "-Onone";
			};
			name = Debug;
		};
		D8C2FFDC299AA3D0000D78FC /* Release */ = {
			isa = XCBuildConfiguration;
			buildSettings = {
				ALWAYS_SEARCH_USER_PATHS = NO;
				CLANG_ANALYZER_NONNULL = YES;
				CLANG_ANALYZER_NUMBER_OBJECT_CONVERSION = YES_AGGRESSIVE;
				CLANG_CXX_LANGUAGE_STANDARD = "gnu++20";
				CLANG_ENABLE_MODULES = YES;
				CLANG_ENABLE_OBJC_ARC = YES;
				CLANG_ENABLE_OBJC_WEAK = YES;
				CLANG_WARN_BLOCK_CAPTURE_AUTORELEASING = YES;
				CLANG_WARN_BOOL_CONVERSION = YES;
				CLANG_WARN_COMMA = YES;
				CLANG_WARN_CONSTANT_CONVERSION = YES;
				CLANG_WARN_DEPRECATED_OBJC_IMPLEMENTATIONS = YES;
				CLANG_WARN_DIRECT_OBJC_ISA_USAGE = YES_ERROR;
				CLANG_WARN_DOCUMENTATION_COMMENTS = YES;
				CLANG_WARN_EMPTY_BODY = YES;
				CLANG_WARN_ENUM_CONVERSION = YES;
				CLANG_WARN_INFINITE_RECURSION = YES;
				CLANG_WARN_INT_CONVERSION = YES;
				CLANG_WARN_NON_LITERAL_NULL_CONVERSION = YES;
				CLANG_WARN_OBJC_IMPLICIT_RETAIN_SELF = YES;
				CLANG_WARN_OBJC_LITERAL_CONVERSION = YES;
				CLANG_WARN_OBJC_ROOT_CLASS = YES_ERROR;
				CLANG_WARN_QUOTED_INCLUDE_IN_FRAMEWORK_HEADER = YES;
				CLANG_WARN_RANGE_LOOP_ANALYSIS = YES;
				CLANG_WARN_STRICT_PROTOTYPES = YES;
				CLANG_WARN_SUSPICIOUS_MOVE = YES;
				CLANG_WARN_UNGUARDED_AVAILABILITY = YES_AGGRESSIVE;
				CLANG_WARN_UNREACHABLE_CODE = YES;
				CLANG_WARN__DUPLICATE_METHOD_MATCH = YES;
				COPY_PHASE_STRIP = NO;
				DEBUG_INFORMATION_FORMAT = "dwarf-with-dsym";
				ENABLE_NS_ASSERTIONS = NO;
				ENABLE_STRICT_OBJC_MSGSEND = YES;
				GCC_C_LANGUAGE_STANDARD = gnu11;
				GCC_NO_COMMON_BLOCKS = YES;
				GCC_WARN_64_TO_32_BIT_CONVERSION = YES;
				GCC_WARN_ABOUT_RETURN_TYPE = YES_ERROR;
				GCC_WARN_UNDECLARED_SELECTOR = YES;
				GCC_WARN_UNINITIALIZED_AUTOS = YES_AGGRESSIVE;
				GCC_WARN_UNUSED_FUNCTION = YES;
				GCC_WARN_UNUSED_VARIABLE = YES;
				IPHONEOS_DEPLOYMENT_TARGET = 16.2;
				MTL_ENABLE_DEBUG_INFO = NO;
				MTL_FAST_MATH = YES;
				SDKROOT = iphoneos;
				SWIFT_COMPILATION_MODE = wholemodule;
				SWIFT_OPTIMIZATION_LEVEL = "-O";
				VALIDATE_PRODUCT = YES;
			};
			name = Release;
		};
		D8C2FFDE299AA3D0000D78FC /* Debug */ = {
			isa = XCBuildConfiguration;
			baseConfigurationReference = C70E4E584C37106042A66F76 /* Pods-News.debug.xcconfig */;
			buildSettings = {
				ASSETCATALOG_COMPILER_APPICON_NAME = AppIcon;
				ASSETCATALOG_COMPILER_GLOBAL_ACCENT_COLOR_NAME = AccentColor;
				ASSETCATALOG_COMPILER_INCLUDE_ALL_APPICON_ASSETS = YES;
				CODE_SIGN_STYLE = Automatic;
				CURRENT_PROJECT_VERSION = 1;
				DEVELOPMENT_TEAM = 42H5WK8C67;
				GENERATE_INFOPLIST_FILE = YES;
				INFOPLIST_FILE = News/Info.plist;
				INFOPLIST_KEY_CFBundleDisplayName = Andina;
				INFOPLIST_KEY_LSApplicationCategoryType = "public.app-category.news";
				INFOPLIST_KEY_UIApplicationSupportsIndirectInputEvents = YES;
				INFOPLIST_KEY_UILaunchStoryboardName = LaunchScreen.storyboard;
				INFOPLIST_KEY_UIMainStoryboardFile = Main;
				INFOPLIST_KEY_UIStatusBarStyle = "";
				INFOPLIST_KEY_UISupportedInterfaceOrientations_iPad = "UIInterfaceOrientationPortrait UIInterfaceOrientationPortraitUpsideDown UIInterfaceOrientationLandscapeLeft UIInterfaceOrientationLandscapeRight";
				INFOPLIST_KEY_UISupportedInterfaceOrientations_iPhone = "UIInterfaceOrientationPortrait UIInterfaceOrientationLandscapeLeft UIInterfaceOrientationLandscapeRight";
				IPHONEOS_DEPLOYMENT_TARGET = 14.5;
				LD_RUNPATH_SEARCH_PATHS = (
					"$(inherited)",
					"@executable_path/Frameworks",
				);
				MARKETING_VERSION = 1.0;
				PRODUCT_BUNDLE_IDENTIFIER = Andina.News;
				PRODUCT_NAME = "$(TARGET_NAME)";
				SWIFT_EMIT_LOC_STRINGS = YES;
				SWIFT_VERSION = 5.0;
				TARGETED_DEVICE_FAMILY = "1,2";
			};
			name = Debug;
		};
		D8C2FFDF299AA3D0000D78FC /* Release */ = {
			isa = XCBuildConfiguration;
			baseConfigurationReference = 294EB24693EF8D0D8C445EA5 /* Pods-News.release.xcconfig */;
			buildSettings = {
				ASSETCATALOG_COMPILER_APPICON_NAME = AppIcon;
				ASSETCATALOG_COMPILER_GLOBAL_ACCENT_COLOR_NAME = AccentColor;
				ASSETCATALOG_COMPILER_INCLUDE_ALL_APPICON_ASSETS = YES;
				CODE_SIGN_STYLE = Automatic;
				CURRENT_PROJECT_VERSION = 1;
				DEVELOPMENT_TEAM = 42H5WK8C67;
				GENERATE_INFOPLIST_FILE = YES;
				INFOPLIST_FILE = News/Info.plist;
				INFOPLIST_KEY_CFBundleDisplayName = Andina;
				INFOPLIST_KEY_LSApplicationCategoryType = "public.app-category.news";
				INFOPLIST_KEY_UIApplicationSupportsIndirectInputEvents = YES;
				INFOPLIST_KEY_UILaunchStoryboardName = LaunchScreen.storyboard;
				INFOPLIST_KEY_UIMainStoryboardFile = Main;
				INFOPLIST_KEY_UIStatusBarStyle = "";
				INFOPLIST_KEY_UISupportedInterfaceOrientations_iPad = "UIInterfaceOrientationPortrait UIInterfaceOrientationPortraitUpsideDown UIInterfaceOrientationLandscapeLeft UIInterfaceOrientationLandscapeRight";
				INFOPLIST_KEY_UISupportedInterfaceOrientations_iPhone = "UIInterfaceOrientationPortrait UIInterfaceOrientationLandscapeLeft UIInterfaceOrientationLandscapeRight";
				IPHONEOS_DEPLOYMENT_TARGET = 14.5;
				LD_RUNPATH_SEARCH_PATHS = (
					"$(inherited)",
					"@executable_path/Frameworks",
				);
				MARKETING_VERSION = 1.0;
				PRODUCT_BUNDLE_IDENTIFIER = Andina.News;
				PRODUCT_NAME = "$(TARGET_NAME)";
				SWIFT_EMIT_LOC_STRINGS = YES;
				SWIFT_VERSION = 5.0;
				TARGETED_DEVICE_FAMILY = "1,2";
			};
			name = Release;
		};
		D8C2FFE1299AA3D0000D78FC /* Debug */ = {
			isa = XCBuildConfiguration;
			baseConfigurationReference = AA6DFA7E1A41C667A1EF9EC0 /* Pods-NewsTests.debug.xcconfig */;
			buildSettings = {
				ALWAYS_EMBED_SWIFT_STANDARD_LIBRARIES = YES;
				BUNDLE_LOADER = "$(TEST_HOST)";
				CODE_SIGN_STYLE = Automatic;
				CURRENT_PROJECT_VERSION = 1;
				DEVELOPMENT_TEAM = 42H5WK8C67;
				GENERATE_INFOPLIST_FILE = YES;
				IPHONEOS_DEPLOYMENT_TARGET = 16.2;
				MARKETING_VERSION = 1.0;
				PRODUCT_BUNDLE_IDENTIFIER = Andina.NewsTests;
				PRODUCT_NAME = "$(TARGET_NAME)";
				SWIFT_EMIT_LOC_STRINGS = NO;
				SWIFT_VERSION = 5.0;
				TARGETED_DEVICE_FAMILY = "1,2";
				TEST_HOST = "$(BUILT_PRODUCTS_DIR)/News.app/$(BUNDLE_EXECUTABLE_FOLDER_PATH)/News";
			};
			name = Debug;
		};
		D8C2FFE2299AA3D0000D78FC /* Release */ = {
			isa = XCBuildConfiguration;
			baseConfigurationReference = 7F522E38DD50C2A8711480CC /* Pods-NewsTests.release.xcconfig */;
			buildSettings = {
				ALWAYS_EMBED_SWIFT_STANDARD_LIBRARIES = YES;
				BUNDLE_LOADER = "$(TEST_HOST)";
				CODE_SIGN_STYLE = Automatic;
				CURRENT_PROJECT_VERSION = 1;
				DEVELOPMENT_TEAM = 42H5WK8C67;
				GENERATE_INFOPLIST_FILE = YES;
				IPHONEOS_DEPLOYMENT_TARGET = 16.2;
				MARKETING_VERSION = 1.0;
				PRODUCT_BUNDLE_IDENTIFIER = Andina.NewsTests;
				PRODUCT_NAME = "$(TARGET_NAME)";
				SWIFT_EMIT_LOC_STRINGS = NO;
				SWIFT_VERSION = 5.0;
				TARGETED_DEVICE_FAMILY = "1,2";
				TEST_HOST = "$(BUILT_PRODUCTS_DIR)/News.app/$(BUNDLE_EXECUTABLE_FOLDER_PATH)/News";
			};
			name = Release;
		};
		D8C2FFE4299AA3D0000D78FC /* Debug */ = {
			isa = XCBuildConfiguration;
			baseConfigurationReference = FB221A0638F4C88D17DD6307 /* Pods-News-NewsUITests.debug.xcconfig */;
			buildSettings = {
				ALWAYS_EMBED_SWIFT_STANDARD_LIBRARIES = YES;
				CODE_SIGN_STYLE = Automatic;
				CURRENT_PROJECT_VERSION = 1;
				DEVELOPMENT_TEAM = 42H5WK8C67;
				GENERATE_INFOPLIST_FILE = YES;
				MARKETING_VERSION = 1.0;
				PRODUCT_BUNDLE_IDENTIFIER = Andina.NewsUITests;
				PRODUCT_NAME = "$(TARGET_NAME)";
				SWIFT_EMIT_LOC_STRINGS = NO;
				SWIFT_VERSION = 5.0;
				TARGETED_DEVICE_FAMILY = "1,2";
				TEST_TARGET_NAME = News;
			};
			name = Debug;
		};
		D8C2FFE5299AA3D0000D78FC /* Release */ = {
			isa = XCBuildConfiguration;
			baseConfigurationReference = 6CCE15F172DD3B8D54C2E76A /* Pods-News-NewsUITests.release.xcconfig */;
			buildSettings = {
				ALWAYS_EMBED_SWIFT_STANDARD_LIBRARIES = YES;
				CODE_SIGN_STYLE = Automatic;
				CURRENT_PROJECT_VERSION = 1;
				DEVELOPMENT_TEAM = 42H5WK8C67;
				GENERATE_INFOPLIST_FILE = YES;
				MARKETING_VERSION = 1.0;
				PRODUCT_BUNDLE_IDENTIFIER = Andina.NewsUITests;
				PRODUCT_NAME = "$(TARGET_NAME)";
				SWIFT_EMIT_LOC_STRINGS = NO;
				SWIFT_VERSION = 5.0;
				TARGETED_DEVICE_FAMILY = "1,2";
				TEST_TARGET_NAME = News;
			};
			name = Release;
		};
/* End XCBuildConfiguration section */

/* Begin XCConfigurationList section */
		D8C2FFAE299AA3CA000D78FC /* Build configuration list for PBXProject "News" */ = {
			isa = XCConfigurationList;
			buildConfigurations = (
				D8C2FFDB299AA3D0000D78FC /* Debug */,
				D8C2FFDC299AA3D0000D78FC /* Release */,
			);
			defaultConfigurationIsVisible = 0;
			defaultConfigurationName = Release;
		};
		D8C2FFDD299AA3D0000D78FC /* Build configuration list for PBXNativeTarget "News" */ = {
			isa = XCConfigurationList;
			buildConfigurations = (
				D8C2FFDE299AA3D0000D78FC /* Debug */,
				D8C2FFDF299AA3D0000D78FC /* Release */,
			);
			defaultConfigurationIsVisible = 0;
			defaultConfigurationName = Release;
		};
		D8C2FFE0299AA3D0000D78FC /* Build configuration list for PBXNativeTarget "NewsTests" */ = {
			isa = XCConfigurationList;
			buildConfigurations = (
				D8C2FFE1299AA3D0000D78FC /* Debug */,
				D8C2FFE2299AA3D0000D78FC /* Release */,
			);
			defaultConfigurationIsVisible = 0;
			defaultConfigurationName = Release;
		};
		D8C2FFE3299AA3D0000D78FC /* Build configuration list for PBXNativeTarget "NewsUITests" */ = {
			isa = XCConfigurationList;
			buildConfigurations = (
				D8C2FFE4299AA3D0000D78FC /* Debug */,
				D8C2FFE5299AA3D0000D78FC /* Release */,
			);
			defaultConfigurationIsVisible = 0;
			defaultConfigurationName = Release;
		};
/* End XCConfigurationList section */

/* Begin XCRemoteSwiftPackageReference section */
		D8C2FFE8299C13CB000D78FC /* XCRemoteSwiftPackageReference "firebase-ios-sdk" */ = {
			isa = XCRemoteSwiftPackageReference;
			repositoryURL = "https://github.com/firebase/firebase-ios-sdk";
			requirement = {
				kind = upToNextMajorVersion;
				minimumVersion = 9.0.0;
			};
		};
/* End XCRemoteSwiftPackageReference section */

/* Begin XCSwiftPackageProductDependency section */
		D8C20001299C13CF000D78FC /* FirebaseInAppMessagingSwift-Beta */ = {
			isa = XCSwiftPackageProductDependency;
			package = D8C2FFE8299C13CB000D78FC /* XCRemoteSwiftPackageReference "firebase-ios-sdk" */;
			productName = "FirebaseInAppMessagingSwift-Beta";
		};
		D8C20003299C13D0000D78FC /* FirebasePerformance */ = {
			isa = XCSwiftPackageProductDependency;
			package = D8C2FFE8299C13CB000D78FC /* XCRemoteSwiftPackageReference "firebase-ios-sdk" */;
			productName = FirebasePerformance;
		};
		D8C20005299C13D0000D78FC /* FirebaseStorage */ = {
			isa = XCSwiftPackageProductDependency;
			package = D8C2FFE8299C13CB000D78FC /* XCRemoteSwiftPackageReference "firebase-ios-sdk" */;
			productName = FirebaseStorage;
		};
		D8C20007299C13D1000D78FC /* FirebaseStorageCombine-Community */ = {
			isa = XCSwiftPackageProductDependency;
			package = D8C2FFE8299C13CB000D78FC /* XCRemoteSwiftPackageReference "firebase-ios-sdk" */;
			productName = "FirebaseStorageCombine-Community";
		};
		D8C2FFE9299C13CB000D78FC /* FirebaseAnalytics */ = {
			isa = XCSwiftPackageProductDependency;
			package = D8C2FFE8299C13CB000D78FC /* XCRemoteSwiftPackageReference "firebase-ios-sdk" */;
			productName = FirebaseAnalytics;
		};
		D8C2FFEB299C13CB000D78FC /* FirebaseAppCheck */ = {
			isa = XCSwiftPackageProductDependency;
			package = D8C2FFE8299C13CB000D78FC /* XCRemoteSwiftPackageReference "firebase-ios-sdk" */;
			productName = FirebaseAppCheck;
		};
		D8C2FFED299C13CB000D78FC /* FirebaseAuth */ = {
			isa = XCSwiftPackageProductDependency;
			package = D8C2FFE8299C13CB000D78FC /* XCRemoteSwiftPackageReference "firebase-ios-sdk" */;
			productName = FirebaseAuth;
		};
		D8C2FFEF299C13CB000D78FC /* FirebaseAuthCombine-Community */ = {
			isa = XCSwiftPackageProductDependency;
			package = D8C2FFE8299C13CB000D78FC /* XCRemoteSwiftPackageReference "firebase-ios-sdk" */;
			productName = "FirebaseAuthCombine-Community";
		};
		D8C2FFF1299C13CB000D78FC /* FirebaseCrashlytics */ = {
			isa = XCSwiftPackageProductDependency;
			package = D8C2FFE8299C13CB000D78FC /* XCRemoteSwiftPackageReference "firebase-ios-sdk" */;
			productName = FirebaseCrashlytics;
		};
		D8C2FFF3299C13CC000D78FC /* FirebaseDatabase */ = {
			isa = XCSwiftPackageProductDependency;
			package = D8C2FFE8299C13CB000D78FC /* XCRemoteSwiftPackageReference "firebase-ios-sdk" */;
			productName = FirebaseDatabase;
		};
		D8C2FFF5299C13CC000D78FC /* FirebaseDatabaseSwift */ = {
			isa = XCSwiftPackageProductDependency;
			package = D8C2FFE8299C13CB000D78FC /* XCRemoteSwiftPackageReference "firebase-ios-sdk" */;
			productName = FirebaseDatabaseSwift;
		};
		D8C2FFF7299C13CC000D78FC /* FirebaseFirestore */ = {
			isa = XCSwiftPackageProductDependency;
			package = D8C2FFE8299C13CB000D78FC /* XCRemoteSwiftPackageReference "firebase-ios-sdk" */;
			productName = FirebaseFirestore;
		};
		D8C2FFF9299C13CD000D78FC /* FirebaseFirestoreCombine-Community */ = {
			isa = XCSwiftPackageProductDependency;
			package = D8C2FFE8299C13CB000D78FC /* XCRemoteSwiftPackageReference "firebase-ios-sdk" */;
			productName = "FirebaseFirestoreCombine-Community";
		};
		D8C2FFFB299C13CD000D78FC /* FirebaseFirestoreSwift */ = {
			isa = XCSwiftPackageProductDependency;
			package = D8C2FFE8299C13CB000D78FC /* XCRemoteSwiftPackageReference "firebase-ios-sdk" */;
			productName = FirebaseFirestoreSwift;
		};
		D8C2FFFD299C13CE000D78FC /* FirebaseFunctions */ = {
			isa = XCSwiftPackageProductDependency;
			package = D8C2FFE8299C13CB000D78FC /* XCRemoteSwiftPackageReference "firebase-ios-sdk" */;
			productName = FirebaseFunctions;
		};
		D8C2FFFF299C13CE000D78FC /* FirebaseInAppMessaging-Beta */ = {
			isa = XCSwiftPackageProductDependency;
			package = D8C2FFE8299C13CB000D78FC /* XCRemoteSwiftPackageReference "firebase-ios-sdk" */;
			productName = "FirebaseInAppMessaging-Beta";
		};
/* End XCSwiftPackageProductDependency section */
	};
	rootObject = D8C2FFAB299AA3CA000D78FC /* Project object */;
}
